{
  "version": 4,
  "terraform_version": "1.12.2",
  "serial": 8,
  "lineage": "fa156d1b-f732-3d36-8aaf-990387261116",
  "outputs": {
    "resource_group_location": {
      "value": "eastus",
      "type": "string"
    },
    "resource_group_name": {
      "value": "my-terraform-rg",
      "type": "string"
    }
  },
  "resources": [
    {
      "module": "module.resource_group",
      "mode": "managed",
      "type": "azurerm_resource_group",
      "name": "this",
      "provider": "provider[\"registry.terraform.io/hashicorp/azurerm\"]",
      "instances": [
        {
          "schema_version": 0,
          "attributes": {
            "id": "/subscriptions/fbd1a957-d4ea-47e6-9131-8b5171fbc611/resourceGroups/my-terraform-rg",
            "location": "eastus",
            "managed_by": "",
            "name": "my-terraform-rg",
            "tags": {},
            "timeouts": null
          },
          "sensitive_attributes": [],
          "identity_schema_version": 0,
          "private": "eyJlMmJmYjczMC1lY2FhLTExZTYtOGY4OC0zNDM2M2JjN2M0YzAiOnsiY3JlYXRlIjo1NDAwMDAwMDAwMDAwLCJkZWxldGUiOjU0MDAwMDAwMDAwMDAsInJlYWQiOjMwMDAwMDAwMDAwMCwidXBkYXRlIjo1NDAwMDAwMDAwMDAwfX0="
        }
      ]
    }
  ],
  "check_results": null
}
